// !$*UTF8*$!
{
	archiveVersion = 1;
	classes = {
	};
	objectVersion = 55;
	objects = {

/* Begin PBXBuildFile section */
		4177ECF32783EC4E00C08BA8 /* ResumeAppApp.swift in Sources */ = {isa = PBXBuildFile; fileRef = 4177ECF22783EC4E00C08BA8 /* ResumeAppApp.swift */; };
		4177ECF52783EC4E00C08BA8 /* ContentView.swift in Sources */ = {isa = PBXBuildFile; fileRef = 4177ECF42783EC4E00C08BA8 /* ContentView.swift */; };
		4177ECF72783EC4F00C08BA8 /* Assets.xcassets in Resources */ = {isa = PBXBuildFile; fileRef = 4177ECF62783EC4F00C08BA8 /* Assets.xcassets */; };
		4177ECFA2783EC4F00C08BA8 /* Preview Assets.xcassets in Resources */ = {isa = PBXBuildFile; fileRef = 4177ECF92783EC4F00C08BA8 /* Preview Assets.xcassets */; };
		4177ED042783EC5000C08BA8 /* ResumeAppTests.swift in Sources */ = {isa = PBXBuildFile; fileRef = 4177ED032783EC5000C08BA8 /* ResumeAppTests.swift */; };
		4177ED0E2783EC5000C08BA8 /* ResumeAppUITests.swift in Sources */ = {isa = PBXBuildFile; fileRef = 4177ED0D2783EC5000C08BA8 /* ResumeAppUITests.swift */; };
		4177ED102783EC5000C08BA8 /* ResumeAppUITestsLaunchTests.swift in Sources */ = {isa = PBXBuildFile; fileRef = 4177ED0F2783EC5000C08BA8 /* ResumeAppUITestsLaunchTests.swift */; };
		4177ED212783EFA600C08BA8 /* Kingfisher in Frameworks */ = {isa = PBXBuildFile; productRef = 4177ED202783EFA600C08BA8 /* Kingfisher */; };
		4177ED30278510D500C08BA8 /* HomeVM.swift in Sources */ = {isa = PBXBuildFile; fileRef = 4177ED2F278510D500C08BA8 /* HomeVM.swift */; };
		4177ED32278510E500C08BA8 /* HomeView.swift in Sources */ = {isa = PBXBuildFile; fileRef = 4177ED31278510E500C08BA8 /* HomeView.swift */; };
		4177ED342785112800C08BA8 /* StandardResumeItem.swift in Sources */ = {isa = PBXBuildFile; fileRef = 4177ED332785112800C08BA8 /* StandardResumeItem.swift */; };
		4177ED352785112800C08BA8 /* StandardResumeItem.swift in Sources */ = {isa = PBXBuildFile; fileRef = 4177ED332785112800C08BA8 /* StandardResumeItem.swift */; };
		4177ED362785112800C08BA8 /* StandardResumeItem.swift in Sources */ = {isa = PBXBuildFile; fileRef = 4177ED332785112800C08BA8 /* StandardResumeItem.swift */; };
		4177ED382785113F00C08BA8 /* GlobalHelpers.swift in Sources */ = {isa = PBXBuildFile; fileRef = 4177ED372785113F00C08BA8 /* GlobalHelpers.swift */; };
		4177ED392785113F00C08BA8 /* GlobalHelpers.swift in Sources */ = {isa = PBXBuildFile; fileRef = 4177ED372785113F00C08BA8 /* GlobalHelpers.swift */; };
		4177ED3A2785113F00C08BA8 /* GlobalHelpers.swift in Sources */ = {isa = PBXBuildFile; fileRef = 4177ED372785113F00C08BA8 /* GlobalHelpers.swift */; };
/* End PBXBuildFile section */

/* Begin PBXContainerItemProxy section */
		4177ED002783EC5000C08BA8 /* PBXContainerItemProxy */ = {
			isa = PBXContainerItemProxy;
			containerPortal = 4177ECE72783EC4E00C08BA8 /* Project object */;
			proxyType = 1;
			remoteGlobalIDString = 4177ECEE2783EC4E00C08BA8;
			remoteInfo = ResumeApp;
		};
		4177ED0A2783EC5000C08BA8 /* PBXContainerItemProxy */ = {
			isa = PBXContainerItemProxy;
			containerPortal = 4177ECE72783EC4E00C08BA8 /* Project object */;
			proxyType = 1;
			remoteGlobalIDString = 4177ECEE2783EC4E00C08BA8;
			remoteInfo = ResumeApp;
		};
/* End PBXContainerItemProxy section */

/* Begin PBXFileReference section */
		4177ECEF2783EC4E00C08BA8 /* ResumeApp.app */ = {isa = PBXFileReference; explicitFileType = wrapper.application; includeInIndex = 0; path = ResumeApp.app; sourceTree = BUILT_PRODUCTS_DIR; };
		4177ECF22783EC4E00C08BA8 /* ResumeAppApp.swift */ = {isa = PBXFileReference; lastKnownFileType = sourcecode.swift; path = ResumeAppApp.swift; sourceTree = "<group>"; };
		4177ECF42783EC4E00C08BA8 /* ContentView.swift */ = {isa = PBXFileReference; lastKnownFileType = sourcecode.swift; path = ContentView.swift; sourceTree = "<group>"; };
		4177ECF62783EC4F00C08BA8 /* Assets.xcassets */ = {isa = PBXFileReference; lastKnownFileType = folder.assetcatalog; path = Assets.xcassets; sourceTree = "<group>"; };
		4177ECF92783EC4F00C08BA8 /* Preview Assets.xcassets */ = {isa = PBXFileReference; lastKnownFileType = folder.assetcatalog; path = "Preview Assets.xcassets"; sourceTree = "<group>"; };
		4177ECFF2783EC5000C08BA8 /* ResumeAppTests.xctest */ = {isa = PBXFileReference; explicitFileType = wrapper.cfbundle; includeInIndex = 0; path = ResumeAppTests.xctest; sourceTree = BUILT_PRODUCTS_DIR; };
		4177ED032783EC5000C08BA8 /* ResumeAppTests.swift */ = {isa = PBXFileReference; lastKnownFileType = sourcecode.swift; path = ResumeAppTests.swift; sourceTree = "<group>"; };
		4177ED092783EC5000C08BA8 /* ResumeAppUITests.xctest */ = {isa = PBXFileReference; explicitFileType = wrapper.cfbundle; includeInIndex = 0; path = ResumeAppUITests.xctest; sourceTree = BUILT_PRODUCTS_DIR; };
		4177ED0D2783EC5000C08BA8 /* ResumeAppUITests.swift */ = {isa = PBXFileReference; lastKnownFileType = sourcecode.swift; path = ResumeAppUITests.swift; sourceTree = "<group>"; };
		4177ED0F2783EC5000C08BA8 /* ResumeAppUITestsLaunchTests.swift */ = {isa = PBXFileReference; lastKnownFileType = sourcecode.swift; path = ResumeAppUITestsLaunchTests.swift; sourceTree = "<group>"; };
		4177ED2F278510D500C08BA8 /* HomeVM.swift */ = {isa = PBXFileReference; lastKnownFileType = sourcecode.swift; path = HomeVM.swift; sourceTree = "<group>"; };
		4177ED31278510E500C08BA8 /* HomeView.swift */ = {isa = PBXFileReference; lastKnownFileType = sourcecode.swift; path = HomeView.swift; sourceTree = "<group>"; };
		4177ED332785112800C08BA8 /* StandardResumeItem.swift */ = {isa = PBXFileReference; lastKnownFileType = sourcecode.swift; path = StandardResumeItem.swift; sourceTree = "<group>"; };
		4177ED372785113F00C08BA8 /* GlobalHelpers.swift */ = {isa = PBXFileReference; lastKnownFileType = sourcecode.swift; path = GlobalHelpers.swift; sourceTree = "<group>"; };
/* End PBXFileReference section */

/* Begin PBXFrameworksBuildPhase section */
		4177ECEC2783EC4E00C08BA8 /* Frameworks */ = {
			isa = PBXFrameworksBuildPhase;
			buildActionMask = 2147483647;
			files = (
				4177ED212783EFA600C08BA8 /* Kingfisher in Frameworks */,
			);
			runOnlyForDeploymentPostprocessing = 0;
		};
		4177ECFC2783EC5000C08BA8 /* Frameworks */ = {
			isa = PBXFrameworksBuildPhase;
			buildActionMask = 2147483647;
			files = (
			);
			runOnlyForDeploymentPostprocessing = 0;
		};
		4177ED062783EC5000C08BA8 /* Frameworks */ = {
			isa = PBXFrameworksBuildPhase;
			buildActionMask = 2147483647;
			files = (
			);
			runOnlyForDeploymentPostprocessing = 0;
		};
/* End PBXFrameworksBuildPhase section */

/* Begin PBXGroup section */
		4177ECE62783EC4E00C08BA8 = {
			isa = PBXGroup;
			children = (
				4177ECF12783EC4E00C08BA8 /* ResumeApp */,
				4177ED022783EC5000C08BA8 /* ResumeAppTests */,
				4177ED0C2783EC5000C08BA8 /* ResumeAppUITests */,
				4177ECF02783EC4E00C08BA8 /* Products */,
			);
			sourceTree = "<group>";
		};
		4177ECF02783EC4E00C08BA8 /* Products */ = {
			isa = PBXGroup;
			children = (
				4177ECEF2783EC4E00C08BA8 /* ResumeApp.app */,
				4177ECFF2783EC5000C08BA8 /* ResumeAppTests.xctest */,
				4177ED092783EC5000C08BA8 /* ResumeAppUITests.xctest */,
			);
			name = Products;
			sourceTree = "<group>";
		};
		4177ECF12783EC4E00C08BA8 /* ResumeApp */ = {
			isa = PBXGroup;
			children = (
				4177ECF22783EC4E00C08BA8 /* ResumeAppApp.swift */,
				4177ECF42783EC4E00C08BA8 /* ContentView.swift */,
				4177ED2E278510AB00C08BA8 /* Home */,
				4177ECF62783EC4F00C08BA8 /* Assets.xcassets */,
				4177ECF82783EC4F00C08BA8 /* Preview Content */,
			);
			path = ResumeApp;
			sourceTree = "<group>";
		};
		4177ECF82783EC4F00C08BA8 /* Preview Content */ = {
			isa = PBXGroup;
			children = (
				4177ECF92783EC4F00C08BA8 /* Preview Assets.xcassets */,
			);
			path = "Preview Content";
			sourceTree = "<group>";
		};
		4177ED022783EC5000C08BA8 /* ResumeAppTests */ = {
			isa = PBXGroup;
			children = (
				4177ED032783EC5000C08BA8 /* ResumeAppTests.swift */,
			);
			path = ResumeAppTests;
			sourceTree = "<group>";
		};
		4177ED0C2783EC5000C08BA8 /* ResumeAppUITests */ = {
			isa = PBXGroup;
			children = (
				4177ED0D2783EC5000C08BA8 /* ResumeAppUITests.swift */,
				4177ED0F2783EC5000C08BA8 /* ResumeAppUITestsLaunchTests.swift */,
			);
			path = ResumeAppUITests;
			sourceTree = "<group>";
		};
		4177ED2E278510AB00C08BA8 /* Home */ = {
			isa = PBXGroup;
			children = (
				4177ED2F278510D500C08BA8 /* HomeVM.swift */,
				4177ED31278510E500C08BA8 /* HomeView.swift */,
				4177ED332785112800C08BA8 /* StandardResumeItem.swift */,
				4177ED372785113F00C08BA8 /* GlobalHelpers.swift */,
			);
			path = Home;
			sourceTree = "<group>";
		};
/* End PBXGroup section */

/* Begin PBXNativeTarget section */
		4177ECEE2783EC4E00C08BA8 /* ResumeApp */ = {
			isa = PBXNativeTarget;
			buildConfigurationList = 4177ED132783EC5000C08BA8 /* Build configuration list for PBXNativeTarget "ResumeApp" */;
			buildPhases = (
				4177ECEB2783EC4E00C08BA8 /* Sources */,
				4177ECEC2783EC4E00C08BA8 /* Frameworks */,
				4177ECED2783EC4E00C08BA8 /* Resources */,
			);
			buildRules = (
			);
			dependencies = (
			);
			name = ResumeApp;
			packageProductDependencies = (
				4177ED202783EFA600C08BA8 /* Kingfisher */,
			);
			productName = ResumeApp;
			productReference = 4177ECEF2783EC4E00C08BA8 /* ResumeApp.app */;
			productType = "com.apple.product-type.application";
		};
		4177ECFE2783EC5000C08BA8 /* ResumeAppTests */ = {
			isa = PBXNativeTarget;
			buildConfigurationList = 4177ED162783EC5000C08BA8 /* Build configuration list for PBXNativeTarget "ResumeAppTests" */;
			buildPhases = (
				4177ECFB2783EC5000C08BA8 /* Sources */,
				4177ECFC2783EC5000C08BA8 /* Frameworks */,
				4177ECFD2783EC5000C08BA8 /* Resources */,
			);
			buildRules = (
			);
			dependencies = (
				4177ED012783EC5000C08BA8 /* PBXTargetDependency */,
			);
			name = ResumeAppTests;
			productName = ResumeAppTests;
			productReference = 4177ECFF2783EC5000C08BA8 /* ResumeAppTests.xctest */;
			productType = "com.apple.product-type.bundle.unit-test";
		};
		4177ED082783EC5000C08BA8 /* ResumeAppUITests */ = {
			isa = PBXNativeTarget;
			buildConfigurationList = 4177ED192783EC5000C08BA8 /* Build configuration list for PBXNativeTarget "ResumeAppUITests" */;
			buildPhases = (
				4177ED052783EC5000C08BA8 /* Sources */,
				4177ED062783EC5000C08BA8 /* Frameworks */,
				4177ED072783EC5000C08BA8 /* Resources */,
			);
			buildRules = (
			);
			dependencies = (
				4177ED0B2783EC5000C08BA8 /* PBXTargetDependency */,
			);
			name = ResumeAppUITests;
			productName = ResumeAppUITests;
			productReference = 4177ED092783EC5000C08BA8 /* ResumeAppUITests.xctest */;
			productType = "com.apple.product-type.bundle.ui-testing";
		};
/* End PBXNativeTarget section */

/* Begin PBXProject section */
		4177ECE72783EC4E00C08BA8 /* Project object */ = {
			isa = PBXProject;
			attributes = {
				BuildIndependentTargetsInParallel = 1;
				LastSwiftUpdateCheck = 1320;
				LastUpgradeCheck = 1320;
				TargetAttributes = {
					4177ECEE2783EC4E00C08BA8 = {
						CreatedOnToolsVersion = 13.2;
					};
					4177ECFE2783EC5000C08BA8 = {
						CreatedOnToolsVersion = 13.2;
						TestTargetID = 4177ECEE2783EC4E00C08BA8;
					};
					4177ED082783EC5000C08BA8 = {
						CreatedOnToolsVersion = 13.2;
						TestTargetID = 4177ECEE2783EC4E00C08BA8;
					};
				};
			};
			buildConfigurationList = 4177ECEA2783EC4E00C08BA8 /* Build configuration list for PBXProject "ResumeApp" */;
			compatibilityVersion = "Xcode 13.0";
			developmentRegion = en;
			hasScannedForEncodings = 0;
			knownRegions = (
				en,
				Base,
			);
			mainGroup = 4177ECE62783EC4E00C08BA8;
			packageReferences = (
				4177ED1F2783EFA600C08BA8 /* XCRemoteSwiftPackageReference "Kingfisher" */,
			);
			productRefGroup = 4177ECF02783EC4E00C08BA8 /* Products */;
			projectDirPath = "";
			projectRoot = "";
			targets = (
				4177ECEE2783EC4E00C08BA8 /* ResumeApp */,
				4177ECFE2783EC5000C08BA8 /* ResumeAppTests */,
				4177ED082783EC5000C08BA8 /* ResumeAppUITests */,
			);
		};
/* End PBXProject section */

/* Begin PBXResourcesBuildPhase section */
		4177ECED2783EC4E00C08BA8 /* Resources */ = {
			isa = PBXResourcesBuildPhase;
			buildActionMask = 2147483647;
			files = (
				4177ECFA2783EC4F00C08BA8 /* Preview Assets.xcassets in Resources */,
				4177ECF72783EC4F00C08BA8 /* Assets.xcassets in Resources */,
			);
			runOnlyForDeploymentPostprocessing = 0;
		};
		4177ECFD2783EC5000C08BA8 /* Resources */ = {
			isa = PBXResourcesBuildPhase;
			buildActionMask = 2147483647;
			files = (
			);
			runOnlyForDeploymentPostprocessing = 0;
		};
		4177ED072783EC5000C08BA8 /* Resources */ = {
			isa = PBXResourcesBuildPhase;
			buildActionMask = 2147483647;
			files = (
			);
			runOnlyForDeploymentPostprocessing = 0;
		};
/* End PBXResourcesBuildPhase section */

/* Begin PBXSourcesBuildPhase section */
		4177ECEB2783EC4E00C08BA8 /* Sources */ = {
			isa = PBXSourcesBuildPhase;
			buildActionMask = 2147483647;
			files = (
				4177ED382785113F00C08BA8 /* GlobalHelpers.swift in Sources */,
				4177ED30278510D500C08BA8 /* HomeVM.swift in Sources */,
				4177ED32278510E500C08BA8 /* HomeView.swift in Sources */,
				4177ECF52783EC4E00C08BA8 /* ContentView.swift in Sources */,
				4177ED342785112800C08BA8 /* StandardResumeItem.swift in Sources */,
				4177ECF32783EC4E00C08BA8 /* ResumeAppApp.swift in Sources */,
			);
			runOnlyForDeploymentPostprocessing = 0;
		};
		4177ECFB2783EC5000C08BA8 /* Sources */ = {
			isa = PBXSourcesBuildPhase;
			buildActionMask = 2147483647;
			files = (
				4177ED392785113F00C08BA8 /* GlobalHelpers.swift in Sources */,
				4177ED352785112800C08BA8 /* StandardResumeItem.swift in Sources */,
				4177ED042783EC5000C08BA8 /* ResumeAppTests.swift in Sources */,
			);
			runOnlyForDeploymentPostprocessing = 0;
		};
		4177ED052783EC5000C08BA8 /* Sources */ = {
			isa = PBXSourcesBuildPhase;
			buildActionMask = 2147483647;
			files = (
				4177ED362785112800C08BA8 /* StandardResumeItem.swift in Sources */,
				4177ED0E2783EC5000C08BA8 /* ResumeAppUITests.swift in Sources */,
				4177ED3A2785113F00C08BA8 /* GlobalHelpers.swift in Sources */,
				4177ED102783EC5000C08BA8 /* ResumeAppUITestsLaunchTests.swift in Sources */,
			);
			runOnlyForDeploymentPostprocessing = 0;
		};
/* End PBXSourcesBuildPhase section */

/* Begin PBXTargetDependency section */
		4177ED012783EC5000C08BA8 /* PBXTargetDependency */ = {
			isa = PBXTargetDependency;
			target = 4177ECEE2783EC4E00C08BA8 /* ResumeApp */;
			targetProxy = 4177ED002783EC5000C08BA8 /* PBXContainerItemProxy */;
		};
		4177ED0B2783EC5000C08BA8 /* PBXTargetDependency */ = {
			isa = PBXTargetDependency;
			target = 4177ECEE2783EC4E00C08BA8 /* ResumeApp */;
			targetProxy = 4177ED0A2783EC5000C08BA8 /* PBXContainerItemProxy */;
		};
/* End PBXTargetDependency section */

/* Begin XCBuildConfiguration section */
		4177ED112783EC5000C08BA8 /* Debug */ = {
			isa = XCBuildConfiguration;
			buildSettings = {
				ALWAYS_SEARCH_USER_PATHS = NO;
				CLANG_ANALYZER_NONNULL = YES;
				CLANG_ANALYZER_NUMBER_OBJECT_CONVERSION = YES_AGGRESSIVE;
				CLANG_CXX_LANGUAGE_STANDARD = "gnu++17";
				CLANG_CXX_LIBRARY = "libc++";
				CLANG_ENABLE_MODULES = YES;
				CLANG_ENABLE_OBJC_ARC = YES;
				CLANG_ENABLE_OBJC_WEAK = YES;
				CLANG_WARN_BLOCK_CAPTURE_AUTORELEASING = YES;
				CLANG_WARN_BOOL_CONVERSION = YES;
				CLANG_WARN_COMMA = YES;
				CLANG_WARN_CONSTANT_CONVERSION = YES;
				CLANG_WARN_DEPRECATED_OBJC_IMPLEMENTATIONS = YES;
				CLANG_WARN_DIRECT_OBJC_ISA_USAGE = YES_ERROR;
				CLANG_WARN_DOCUMENTATION_COMMENTS = YES;
				CLANG_WARN_EMPTY_BODY = YES;
				CLANG_WARN_ENUM_CONVERSION = YES;
				CLANG_WARN_INFINITE_RECURSION = YES;
				CLANG_WARN_INT_CONVERSION = YES;
				CLANG_WARN_NON_LITERAL_NULL_CONVERSION = YES;
				CLANG_WARN_OBJC_IMPLICIT_RETAIN_SELF = YES;
				CLANG_WARN_OBJC_LITERAL_CONVERSION = YES;
				CLANG_WARN_OBJC_ROOT_CLASS = YES_ERROR;
				CLANG_WARN_QUOTED_INCLUDE_IN_FRAMEWORK_HEADER = YES;
				CLANG_WARN_RANGE_LOOP_ANALYSIS = YES;
				CLANG_WARN_STRICT_PROTOTYPES = YES;
				CLANG_WARN_SUSPICIOUS_MOVE = YES;
				CLANG_WARN_UNGUARDED_AVAILABILITY = YES_AGGRESSIVE;
				CLANG_WARN_UNREACHABLE_CODE = YES;
				CLANG_WARN__DUPLICATE_METHOD_MATCH = YES;
				COPY_PHASE_STRIP = NO;
				DEBUG_INFORMATION_FORMAT = dwarf;
				ENABLE_STRICT_OBJC_MSGSEND = YES;
				ENABLE_TESTABILITY = YES;
				GCC_C_LANGUAGE_STANDARD = gnu11;
				GCC_DYNAMIC_NO_PIC = NO;
				GCC_NO_COMMON_BLOCKS = YES;
				GCC_OPTIMIZATION_LEVEL = 0;
				GCC_PREPROCESSOR_DEFINITIONS = (
					"DEBUG=1",
					"$(inherited)",
				);
				GCC_WARN_64_TO_32_BIT_CONVERSION = YES;
				GCC_WARN_ABOUT_RETURN_TYPE = YES_ERROR;
				GCC_WARN_UNDECLARED_SELECTOR = YES;
				GCC_WARN_UNINITIALIZED_AUTOS = YES_AGGRESSIVE;
				GCC_WARN_UNUSED_FUNCTION = YES;
				GCC_WARN_UNUSED_VARIABLE = YES;
				IPHONEOS_DEPLOYMENT_TARGET = 15.2;
				MTL_ENABLE_DEBUG_INFO = INCLUDE_SOURCE;
				MTL_FAST_MATH = YES;
				ONLY_ACTIVE_ARCH = YES;
				SDKROOT = iphoneos;
				SWIFT_ACTIVE_COMPILATION_CONDITIONS = DEBUG;
				SWIFT_OPTIMIZATION_LEVEL = "-Onone";
			};
			name = Debug;
		};
		4177ED122783EC5000C08BA8 /* Release */ = {
			isa = XCBuildConfiguration;
			buildSettings = {
				ALWAYS_SEARCH_USER_PATHS = NO;
				CLANG_ANALYZER_NONNULL = YES;
				CLANG_ANALYZER_NUMBER_OBJECT_CONVERSION = YES_AGGRESSIVE;
				CLANG_CXX_LANGUAGE_STANDARD = "gnu++17";
				CLANG_CXX_LIBRARY = "libc++";
				CLANG_ENABLE_MODULES = YES;
				CLANG_ENABLE_OBJC_ARC = YES;
				CLANG_ENABLE_OBJC_WEAK = YES;
				CLANG_WARN_BLOCK_CAPTURE_AUTORELEASING = YES;
				CLANG_WARN_BOOL_CONVERSION = YES;
				CLANG_WARN_COMMA = YES;
				CLANG_WARN_CONSTANT_CONVERSION = YES;
				CLANG_WARN_DEPRECATED_OBJC_IMPLEMENTATIONS = YES;
				CLANG_WARN_DIRECT_OBJC_ISA_USAGE = YES_ERROR;
				CLANG_WARN_DOCUMENTATION_COMMENTS = YES;
				CLANG_WARN_EMPTY_BODY = YES;
				CLANG_WARN_ENUM_CONVERSION = YES;
				CLANG_WARN_INFINITE_RECURSION = YES;
				CLANG_WARN_INT_CONVERSION = YES;
				CLANG_WARN_NON_LITERAL_NULL_CONVERSION = YES;
				CLANG_WARN_OBJC_IMPLICIT_RETAIN_SELF = YES;
				CLANG_WARN_OBJC_LITERAL_CONVERSION = YES;
				CLANG_WARN_OBJC_ROOT_CLASS = YES_ERROR;
				CLANG_WARN_QUOTED_INCLUDE_IN_FRAMEWORK_HEADER = YES;
				CLANG_WARN_RANGE_LOOP_ANALYSIS = YES;
				CLANG_WARN_STRICT_PROTOTYPES = YES;
				CLANG_WARN_SUSPICIOUS_MOVE = YES;
				CLANG_WARN_UNGUARDED_AVAILABILITY = YES_AGGRESSIVE;
				CLANG_WARN_UNREACHABLE_CODE = YES;
				CLANG_WARN__DUPLICATE_METHOD_MATCH = YES;
				COPY_PHASE_STRIP = NO;
				DEBUG_INFORMATION_FORMAT = "dwarf-with-dsym";
				ENABLE_NS_ASSERTIONS = NO;
				ENABLE_STRICT_OBJC_MSGSEND = YES;
				GCC_C_LANGUAGE_STANDARD = gnu11;
				GCC_NO_COMMON_BLOCKS = YES;
				GCC_WARN_64_TO_32_BIT_CONVERSION = YES;
				GCC_WARN_ABOUT_RETURN_TYPE = YES_ERROR;
				GCC_WARN_UNDECLARED_SELECTOR = YES;
				GCC_WARN_UNINITIALIZED_AUTOS = YES_AGGRESSIVE;
				GCC_WARN_UNUSED_FUNCTION = YES;
				GCC_WARN_UNUSED_VARIABLE = YES;
				IPHONEOS_DEPLOYMENT_TARGET = 15.2;
				MTL_ENABLE_DEBUG_INFO = NO;
				MTL_FAST_MATH = YES;
				SDKROOT = iphoneos;
				SWIFT_COMPILATION_MODE = wholemodule;
				SWIFT_OPTIMIZATION_LEVEL = "-O";
				VALIDATE_PRODUCT = YES;
			};
			name = Release;
		};
		4177ED142783EC5000C08BA8 /* Debug */ = {
			isa = XCBuildConfiguration;
			buildSettings = {
				ASSETCATALOG_COMPILER_APPICON_NAME = AppIcon;
				ASSETCATALOG_COMPILER_GLOBAL_ACCENT_COLOR_NAME = AccentColor;
				CODE_SIGN_STYLE = Automatic;
				CURRENT_PROJECT_VERSION = 1;
				DEVELOPMENT_ASSET_PATHS = "\"ResumeApp/Preview Content\"";
				DEVELOPMENT_TEAM = 947MDTH7AR;
				ENABLE_PREVIEWS = YES;
				GENERATE_INFOPLIST_FILE = YES;
				INFOPLIST_KEY_UIApplicationSceneManifest_Generation = YES;
				INFOPLIST_KEY_UIApplicationSupportsIndirectInputEvents = YES;
				INFOPLIST_KEY_UILaunchScreen_Generation = YES;
				INFOPLIST_KEY_UISupportedInterfaceOrientations_iPad = "UIInterfaceOrientationPortrait UIInterfaceOrientationPortraitUpsideDown UIInterfaceOrientationLandscapeLeft UIInterfaceOrientationLandscapeRight";
				INFOPLIST_KEY_UISupportedInterfaceOrientations_iPhone = "UIInterfaceOrientationPortrait UIInterfaceOrientationLandscapeLeft UIInterfaceOrientationLandscapeRight";
				LD_RUNPATH_SEARCH_PATHS = (
					"$(inherited)",
					"@executable_path/Frameworks",
				);
				MARKETING_VERSION = 1.0;
				PRODUCT_BUNDLE_IDENTIFIER = FrankfurtIndustries.ResumeApp;
				PRODUCT_NAME = "$(TARGET_NAME)";
				SWIFT_EMIT_LOC_STRINGS = YES;
				SWIFT_VERSION = 5.0;
				TARGETED_DEVICE_FAMILY = "1,2";
			};
			name = Debug;
		};
		4177ED152783EC5000C08BA8 /* Release */ = {
			isa = XCBuildConfiguration;
			buildSettings = {
				ASSETCATALOG_COMPILER_APPICON_NAME = AppIcon;
				ASSETCATALOG_COMPILER_GLOBAL_ACCENT_COLOR_NAME = AccentColor;
				CODE_SIGN_STYLE = Automatic;
				CURRENT_PROJECT_VERSION = 1;
				DEVELOPMENT_ASSET_PATHS = "\"ResumeApp/Preview Content\"";
				DEVELOPMENT_TEAM = 947MDTH7AR;
				ENABLE_PREVIEWS = YES;
				GENERATE_INFOPLIST_FILE = YES;
				INFOPLIST_KEY_UIApplicationSceneManifest_Generation = YES;
				INFOPLIST_KEY_UIApplicationSupportsIndirectInputEvents = YES;
				INFOPLIST_KEY_UILaunchScreen_Generation = YES;
				INFOPLIST_KEY_UISupportedInterfaceOrientations_iPad = "UIInterfaceOrientationPortrait UIInterfaceOrientationPortraitUpsideDown UIInterfaceOrientationLandscapeLeft UIInterfaceOrientationLandscapeRight";
				INFOPLIST_KEY_UISupportedInterfaceOrientations_iPhone = "UIInterfaceOrientationPortrait UIInterfaceOrientationLandscapeLeft UIInterfaceOrientationLandscapeRight";
				LD_RUNPATH_SEARCH_PATHS = (
					"$(inherited)",
					"@executable_path/Frameworks",
				);
				MARKETING_VERSION = 1.0;
				PRODUCT_BUNDLE_IDENTIFIER = FrankfurtIndustries.ResumeApp;
				PRODUCT_NAME = "$(TARGET_NAME)";
				SWIFT_EMIT_LOC_STRINGS = YES;
				SWIFT_VERSION = 5.0;
				TARGETED_DEVICE_FAMILY = "1,2";
			};
			name = Release;
		};
		4177ED172783EC5000C08BA8 /* Debug */ = {
			isa = XCBuildConfiguration;
			buildSettings = {
				ALWAYS_EMBED_SWIFT_STANDARD_LIBRARIES = YES;
				BUNDLE_LOADER = "$(TEST_HOST)";
				CODE_SIGN_STYLE = Automatic;
				CURRENT_PROJECT_VERSION = 1;
				DEVELOPMENT_TEAM = 947MDTH7AR;
				GENERATE_INFOPLIST_FILE = YES;
				IPHONEOS_DEPLOYMENT_TARGET = 15.2;
				MARKETING_VERSION = 1.0;
				PRODUCT_BUNDLE_IDENTIFIER = FrankfurtIndustries.ResumeAppTests;
				PRODUCT_NAME = "$(TARGET_NAME)";
				SWIFT_EMIT_LOC_STRINGS = NO;
				SWIFT_VERSION = 5.0;
				TARGETED_DEVICE_FAMILY = "1,2";
				TEST_HOST = "$(BUILT_PRODUCTS_DIR)/ResumeApp.app/ResumeApp";
			};
			name = Debug;
		};
		4177ED182783EC5000C08BA8 /* Release */ = {
			isa = XCBuildConfiguration;
			buildSettings = {
				ALWAYS_EMBED_SWIFT_STANDARD_LIBRARIES = YES;
				BUNDLE_LOADER = "$(TEST_HOST)";
				CODE_SIGN_STYLE = Automatic;
				CURRENT_PROJECT_VERSION = 1;
				DEVELOPMENT_TEAM = 947MDTH7AR;
				GENERATE_INFOPLIST_FILE = YES;
				IPHONEOS_DEPLOYMENT_TARGET = 15.2;
				MARKETING_VERSION = 1.0;
				PRODUCT_BUNDLE_IDENTIFIER = FrankfurtIndustries.ResumeAppTests;
				PRODUCT_NAME = "$(TARGET_NAME)";
				SWIFT_EMIT_LOC_STRINGS = NO;
				SWIFT_VERSION = 5.0;
				TARGETED_DEVICE_FAMILY = "1,2";
				TEST_HOST = "$(BUILT_PRODUCTS_DIR)/ResumeApp.app/ResumeApp";
			};
			name = Release;
		};
		4177ED1A2783EC5000C08BA8 /* Debug */ = {
			isa = XCBuildConfiguration;
			buildSettings = {
				ALWAYS_EMBED_SWIFT_STANDARD_LIBRARIES = YES;
				CODE_SIGN_STYLE = Automatic;
				CURRENT_PROJECT_VERSION = 1;
				DEVELOPMENT_TEAM = 947MDTH7AR;
				GENERATE_INFOPLIST_FILE = YES;
				MARKETING_VERSION = 1.0;
				PRODUCT_BUNDLE_IDENTIFIER = FrankfurtIndustries.ResumeAppUITests;
				PRODUCT_NAME = "$(TARGET_NAME)";
				SWIFT_EMIT_LOC_STRINGS = NO;
				SWIFT_VERSION = 5.0;
				TARGETED_DEVICE_FAMILY = "1,2";
				TEST_TARGET_NAME = ResumeApp;
			};
			name = Debug;
		};
		4177ED1B2783EC5000C08BA8 /* Release */ = {
			isa = XCBuildConfiguration;
			buildSettings = {
				ALWAYS_EMBED_SWIFT_STANDARD_LIBRARIES = YES;
				CODE_SIGN_STYLE = Automatic;
				CURRENT_PROJECT_VERSION = 1;
				DEVELOPMENT_TEAM = 947MDTH7AR;
				GENERATE_INFOPLIST_FILE = YES;
				MARKETING_VERSION = 1.0;
				PRODUCT_BUNDLE_IDENTIFIER = FrankfurtIndustries.ResumeAppUITests;
				PRODUCT_NAME = "$(TARGET_NAME)";
				SWIFT_EMIT_LOC_STRINGS = NO;
				SWIFT_VERSION = 5.0;
				TARGETED_DEVICE_FAMILY = "1,2";
				TEST_TARGET_NAME = ResumeApp;
			};
			name = Release;
		};
/* End XCBuildConfiguration section */

/* Begin XCConfigurationList section */
		4177ECEA2783EC4E00C08BA8 /* Build configuration list for PBXProject "ResumeApp" */ = {
			isa = XCConfigurationList;
			buildConfigurations = (
				4177ED112783EC5000C08BA8 /* Debug */,
				4177ED122783EC5000C08BA8 /* Release */,
			);
			defaultConfigurationIsVisible = 0;
			defaultConfigurationName = Release;
		};
		4177ED132783EC5000C08BA8 /* Build configuration list for PBXNativeTarget "ResumeApp" */ = {
			isa = XCConfigurationList;
			buildConfigurations = (
				4177ED142783EC5000C08BA8 /* Debug */,
				4177ED152783EC5000C08BA8 /* Release */,
			);
			defaultConfigurationIsVisible = 0;
			defaultConfigurationName = Release;
		};
		4177ED162783EC5000C08BA8 /* Build configuration list for PBXNativeTarget "ResumeAppTests" */ = {
			isa = XCConfigurationList;
			buildConfigurations = (
				4177ED172783EC5000C08BA8 /* Debug */,
				4177ED182783EC5000C08BA8 /* Release */,
			);
			defaultConfigurationIsVisible = 0;
			defaultConfigurationName = Release;
		};
		4177ED192783EC5000C08BA8 /* Build configuration list for PBXNativeTarget "ResumeAppUITests" */ = {
			isa = XCConfigurationList;
			buildConfigurations = (
				4177ED1A2783EC5000C08BA8 /* Debug */,
				4177ED1B2783EC5000C08BA8 /* Release */,
			);
			defaultConfigurationIsVisible = 0;
			defaultConfigurationName = Release;
		};
/* End XCConfigurationList section */

/* Begin XCRemoteSwiftPackageReference section */
		4177ED1F2783EFA600C08BA8 /* XCRemoteSwiftPackageReference "Kingfisher" */ = {
			isa = XCRemoteSwiftPackageReference;
			repositoryURL = "https://github.com/onevcat/Kingfisher.git";
			requirement = {
				branch = master;
				kind = branch;
			};
		};
/* End XCRemoteSwiftPackageReference section */

/* Begin XCSwiftPackageProductDependency section */
		4177ED202783EFA600C08BA8 /* Kingfisher */ = {
			isa = XCSwiftPackageProductDependency;
			package = 4177ED1F2783EFA600C08BA8 /* XCRemoteSwiftPackageReference "Kingfisher" */;
			productName = Kingfisher;
		};
/* End XCSwiftPackageProductDependency section */
	};
	rootObject = 4177ECE72783EC4E00C08BA8 /* Project object */;
}
